
Microsoft Visual Studio Solution File, Format Version 12.00
# Visual Studio Version 17
VisualStudioVersion = 17.7.34221.43
MinimumVisualStudioVersion = 10.0.40219.1
Project("{FAE04EC0-301F-11D3-BF4B-00C04F79EFBC}") = "HomWork-EF-Eman", "HomWork-EF-Eman\HomWork-EF-Eman.csproj", "{576E57F9-A570-46B8-9C7F-74CF78324A90}"
EndProject
Global
	GlobalSection(SolutionConfigurationPlatforms) = preSolution
		Debug|Any CPU = Debug|Any CPU
		Release|Any CPU = Release|Any CPU
	EndGlobalSection
	GlobalSection(ProjectConfigurationPlatforms) = postSolution
		{576E57F9-A570-46B8-9C7F-74CF78324A90}.Debug|Any CPU.ActiveCfg = Debug|Any CPU
		{576E57F9-A570-46B8-9C7F-74CF78324A90}.Debug|Any CPU.Build.0 = Debug|Any CPU
		{576E57F9-A570-46B8-9C7F-74CF78324A90}.Release|Any CPU.ActiveCfg = Release|Any CPU
		{576E57F9-A570-46B8-9C7F-74CF78324A90}.Release|Any CPU.Build.0 = Release|Any CPU
	EndGlobalSection
	GlobalSection(SolutionProperties) = preSolution
		HideSolutionNode = FALSE
	EndGlobalSection
	GlobalSection(ExtensibilityGlobals) = postSolution
		SolutionGuid = {61FA417A-20F0-4F83-98BB-C86B5FA8B2E1}
	EndGlobalSection
EndGlobal
